
Microsoft Visual Studio Solution File, Format Version 12.00
# Visual Studio Version 17
VisualStudioVersion = 17.1.32328.378
MinimumVisualStudioVersion = 10.0.40219.1
Project("{FAE04EC0-301F-11D3-BF4B-00C04F79EFBC}") = "KUSYS-Demo", "KUSYS-Demo\KUSYS-Demo.csproj", "{1EBDD6EA-C6B8-4DD0-AF85-FED37CF418DE}"
EndProject
Global
	GlobalSection(SolutionConfigurationPlatforms) = preSolution
		Debug|Any CPU = Debug|Any CPU
		Release|Any CPU = Release|Any CPU
	EndGlobalSection
	GlobalSection(ProjectConfigurationPlatforms) = postSolution
		{1EBDD6EA-C6B8-4DD0-AF85-FED37CF418DE}.Debug|Any CPU.ActiveCfg = Debug|Any CPU
		{1EBDD6EA-C6B8-4DD0-AF85-FED37CF418DE}.Debug|Any CPU.Build.0 = Debug|Any CPU
		{1EBDD6EA-C6B8-4DD0-AF85-FED37CF418DE}.Release|Any CPU.ActiveCfg = Release|Any CPU
		{1EBDD6EA-C6B8-4DD0-AF85-FED37CF418DE}.Release|Any CPU.Build.0 = Release|Any CPU
	EndGlobalSection
	GlobalSection(SolutionProperties) = preSolution
		HideSolutionNode = FALSE
	EndGlobalSection
	GlobalSection(ExtensibilityGlobals) = postSolution
		SolutionGuid = {8FB19D13-02B2-4FBD-8174-9455A9CDC99D}
	EndGlobalSection
EndGlobal
